<?xml version="1.0" encoding="utf-8"?>
<Project ToolsVersion="4.0" xmlns="http://schemas.microsoft.com/developer/msbuild/2003">
  <ItemGroup>
    <Filter Include="Source Files">
      <UniqueIdentifier>{4FC737F1-C7A5-4376-A066-2A32D752A2FF}</UniqueIdentifier>
      <Extensions>cpp;c;cc;cxx;def;odl;idl;hpj;bat;asm;asmx</Extensions>
    </Filter>
    <Filter Include="Header Files">
      <UniqueIdentifier>{93995380-89BD-4b04-88EB-625FBE52EBFB}</UniqueIdentifier>
      <Extensions>h;hh;hpp;hxx;hm;inl;inc;xsd</Extensions>
    </Filter>
    <Filter Include="Resource Files">
      <UniqueIdentifier>{67DA6AB6-F800-4c08-8B7A-83BB121AAD01}</UniqueIdentifier>
      <Extensions>rc;ico;cur;bmp;dlg;rc2;rct;bin;rgs;gif;jpg;jpeg;jpe;resx;tiff;tif;png;wav;mfcribbon-ms</Extensions>
    </Filter>
    <Filter Include="Reference Files">
      <UniqueIdentifier>{df28f1f5-9d82-41ed-b138-b2f196211a7b}</UniqueIdentifier>
    </Filter>
  </ItemGroup>
  <ItemGroup>
    <ClCompile Include="CppOcw_lambda01_function pointer and bind2nd.cpp">
      <Filter>Reference Files</Filter>
    </ClCompile>
    <ClCompile Include="CppOcw_lambda02_bind and lambda.cpp">
      <Filter>Reference Files</Filter>
    </ClCompile>
    <ClCompile Include="CppOcw_lambda03_lambda.cpp">
      <Filter>Reference Files</Filter>
    </ClCompile>
    <ClCompile Include="CppOcw_lambda04_custom bind.cpp">
      <Filter>Reference Files</Filter>
    </ClCompile>
    <ClCompile Include="CppOcw_lambda05_placeholder.cpp">
      <Filter>Reference Files</Filter>
    </ClCompile>
    <ClCompile Include="CppOcw_shared_ptr01.cpp">
      <Filter>Reference Files</Filter>
    </ClCompile>
    <ClCompile Include="CppOcw_shared_ptr02.cpp">
      <Filter>Reference Files</Filter>
    </ClCompile>
    <ClCompile Include="CppOcw_shared_ptr03_safe bool idiom.cpp">
      <Filter>Reference Files</Filter>
    </ClCompile>
    <ClCompile Include="CppOcw_shared_ptr04_copy and swap.cpp">
      <Filter>Reference Files</Filter>
    </ClCompile>
    <ClCompile Include="CppOcw_shared_ptr05_swap and reset.cpp">
      <Filter>Reference Files</Filter>
    </ClCompile>
    <ClCompile Include="CppOcw_shared_ptr06 safe bool and explicit.cpp">
      <Filter>Reference Files</Filter>
    </ClCompile>
    <ClCompile Include="CppOcw_shared_ptr07 weak_ptr.cpp">
      <Filter>Reference Files</Filter>
    </ClCompile>
    <ClCompile Include="CppOcw_shared_ptr07 weak_ptr2.cpp">
      <Filter>Reference Files</Filter>
    </ClCompile>
    <ClCompile Include="CppOcw_shared_ptr08 enable_shared_from_this.cpp">
      <Filter>Reference Files</Filter>
    </ClCompile>
    <ClCompile Include="CppOcw_shared_ptr08 enable_shared_from_this2.cpp">
      <Filter>Reference Files</Filter>
    </ClCompile>
    <ClCompile Include="PerfectForwarding_Step01-Step06.cpp">
      <Filter>Reference Files</Filter>
    </ClCompile>
    <ClCompile Include="PerfectForwarding_Step7.cpp">
      <Filter>Reference Files</Filter>
    </ClCompile>
    <ClCompile Include="PerfectForwarding_Step7_UniversalReference.cpp">
      <Filter>Reference Files</Filter>
    </ClCompile>
    <ClCompile Include="PerfectForwarding_Step08.cpp">
      <Filter>Reference Files</Filter>
    </ClCompile>
    <ClCompile Include="PerfectForwarding_Step09.cpp">
      <Filter>Reference Files</Filter>
    </ClCompile>
    <ClCompile Include="CppOcw_containerAndIterator.cpp">
      <Filter>Reference Files</Filter>
    </ClCompile>
    <ClCompile Include="CppOcw_containerAndIterator2.cpp">
      <Filter>Reference Files</Filter>
    </ClCompile>
    <ClCompile Include="CppOcw.cpp">
      <Filter>Source Files</Filter>
    </ClCompile>
    <ClCompile Include="CppOcw_virtual02_virtual in destructor.cpp">
      <Filter>Reference Files</Filter>
    </ClCompile>
    <ClCompile Include="CppOcw_virtual03_vtable.cpp">
      <Filter>Reference Files</Filter>
    </ClCompile>
    <ClCompile Include="CppOcw_template01_decoration.c">
      <Filter>Reference Files</Filter>
    </ClCompile>
    <ClCompile Include="CppOcw_template02_decoration.cpp">
      <Filter>Reference Files</Filter>
    </ClCompile>
    <ClCompile Include="CppOcw_template03_class template specialization.cpp">
      <Filter>Reference Files</Filter>
    </ClCompile>
    <ClCompile Include="CppOcw_template03_class template.cpp">
      <Filter>Reference Files</Filter>
    </ClCompile>
    <ClCompile Include="CppOcw_template04_full template specialization.cpp">
      <Filter>Reference Files</Filter>
    </ClCompile>
    <ClCompile Include="CppOcw_template05_partial template specialization.cpp">
      <Filter>Reference Files</Filter>
    </ClCompile>
    <ClCompile Include="CppOcw_template06_template meta programming.cpp">
      <Filter>Reference Files</Filter>
    </ClCompile>
    <ClCompile Include="CppOcw_template07_variadic template function simple.cpp">
      <Filter>Reference Files</Filter>
    </ClCompile>
    <ClCompile Include="CppOcw_template08_variadic template function example.cpp">
      <Filter>Reference Files</Filter>
    </ClCompile>
    <ClCompile Include="CppOcw_template09_variadic template class.cpp">
      <Filter>Reference Files</Filter>
    </ClCompile>
    <ClCompile Include="CppOcw_template10_variadic template class.cpp">
      <Filter>Reference Files</Filter>
    </ClCompile>
    <ClCompile Include="CppOcw_virtual01_virtual function.cpp">
      <Filter>Reference Files</Filter>
    </ClCompile>
    <ClCompile Include="CppOcw_decltype01 decltype.cpp">
      <Filter>Reference Files</Filter>
    </ClCompile>
    <ClCompile Include="CppOcw_decltype02 typeof.cpp">
      <Filter>Reference Files</Filter>
    </ClCompile>
    <ClCompile Include="CppOcw_decltype03 type addition.cpp">
      <Filter>Reference Files</Filter>
    </ClCompile>
    <ClCompile Include="CppOcw_std tuple01 make seq.cpp">
      <Filter>Reference Files</Filter>
    </ClCompile>
    <ClCompile Include="CppOcw_std tuple02 foo helper.cpp">
      <Filter>Reference Files</Filter>
    </ClCompile>
    <ClCompile Include="CppOcw_std tuple03 foo and get.cpp">
      <Filter>Reference Files</Filter>
    </ClCompile>
    <ClCompile Include="CppOcw_RAII01 dummy statement.cpp">
      <Filter>Reference Files</Filter>
    </ClCompile>
    <ClCompile Include="CppOcw_RAII02 scope exit.cpp">
      <Filter>Reference Files</Filter>
    </ClCompile>
    <ClCompile Include="CppOcw_RAII03 PREBLOCK.cpp">
      <Filter>Reference Files</Filter>
    </ClCompile>
    <ClCompile Include="CppOcw_constructor01.cpp">
      <Filter>Reference Files</Filter>
    </ClCompile>
    <ClCompile Include="CppOcw_constructor02 operator new.cpp">
      <Filter>Reference Files</Filter>
    </ClCompile>
    <ClCompile Include="CppOcw_constructor03 explicit.cpp">
      <Filter>Reference Files</Filter>
    </ClCompile>
    <ClCompile Include="CppOcw_constructor04 copy constructor.cpp">
      <Filter>Reference Files</Filter>
    </ClCompile>
    <ClCompile Include="CppOcw_constructor04 copy constructor2.cpp">
      <Filter>Reference Files</Filter>
    </ClCompile>
    <ClCompile Include="CppOcw_constructor05 RVO.cpp">
      <Filter>Reference Files</Filter>
    </ClCompile>
    <ClCompile Include="CppOcw_operatoroverloading01.cpp">
      <Filter>Reference Files</Filter>
    </ClCompile>
    <ClCompile Include="CppOcw_operatoroverloading02 ostream.cpp">
      <Filter>Reference Files</Filter>
    </ClCompile>
    <ClCompile Include="CppOcw_operatoroverloading03 operator new.cpp">
      <Filter>Reference Files</Filter>
    </ClCompile>
    <ClCompile Include="CppOcw_lambda06_unsafe capture.cpp">
      <Filter>Reference Files</Filter>
    </ClCompile>
    <ClCompile Include="CppOcw_lambda07_std_function.cpp">
      <Filter>Reference Files</Filter>
    </ClCompile>
    <ClCompile Include="VisualStudio2017Console thread step01.cpp">
      <Filter>Reference Files</Filter>
    </ClCompile>
    <ClCompile Include="VisualStudio2017Console thread step02 mutex.cpp">
      <Filter>Reference Files</Filter>
    </ClCompile>
    <ClCompile Include="VisualStudio2017Console thread step03 lock_guard.cpp">
      <Filter>Reference Files</Filter>
    </ClCompile>
    <ClCompile Include="VisualStudio2017Console thread step04 raise a sync issue.cpp">
      <Filter>Reference Files</Filter>
    </ClCompile>
    <ClCompile Include="VisualStudio2017Console thread step05 condition variable.cpp">
      <Filter>Reference Files</Filter>
    </ClCompile>
    <ClCompile Include="VisualStudio2017Console thread step06 thread_local.cpp">
      <Filter>Reference Files</Filter>
    </ClCompile>
    <ClCompile Include="CppOcw equality and equivalence.cpp">
      <Filter>Reference Files</Filter>
    </ClCompile>
  </ItemGroup>
  <ItemGroup>
    <ClInclude Include="KBaseSingleton.h">
      <Filter>Reference Files</Filter>
    </ClInclude>
    <ClInclude Include="KGlobalSingleton.h">
      <Filter>Reference Files</Filter>
    </ClInclude>
    <ClInclude Include="KGlobalSingletonNotGood.h">
      <Filter>Reference Files</Filter>
    </ClInclude>
  </ItemGroup>
</Project>