
Microsoft Visual Studio Solution File, Format Version 12.00
# Visual Studio 2013
VisualStudioVersion = 12.0.21005.1
MinimumVisualStudioVersion = 10.0.40219.1
Project("{8BC9CEB8-8B4A-11D0-8D11-00A0C91BC942}") = "CDCStep2", "CDCStep2.vcxproj", "{8EC6421C-9017-4C83-8222-651A8494DC20}"
EndProject
Global
	GlobalSection(SolutionConfigurationPlatforms) = preSolution
		Debug|Win32 = Debug|Win32
		Release|Win32 = Release|Win32
		Template|Win32 = Template|Win32
	EndGlobalSection
	GlobalSection(ProjectConfigurationPlatforms) = postSolution
		{8EC6421C-9017-4C83-8222-651A8494DC20}.Debug|Win32.ActiveCfg = Debug|Win32
		{8EC6421C-9017-4C83-8222-651A8494DC20}.Debug|Win32.Build.0 = Debug|Win32
		{8EC6421C-9017-4C83-8222-651A8494DC20}.Release|Win32.ActiveCfg = Release|Win32
		{8EC6421C-9017-4C83-8222-651A8494DC20}.Release|Win32.Build.0 = Release|Win32
		{8EC6421C-9017-4C83-8222-651A8494DC20}.Template|Win32.ActiveCfg = Template|Win32
		{8EC6421C-9017-4C83-8222-651A8494DC20}.Template|Win32.Build.0 = Template|Win32
	EndGlobalSection
	GlobalSection(SolutionProperties) = preSolution
		HideSolutionNode = FALSE
	EndGlobalSection
EndGlobal
