<?xml version="1.0" encoding="utf-8"?>
<Project ToolsVersion="4.0" xmlns="http://schemas.microsoft.com/developer/msbuild/2003">
  <ItemGroup>
    <Filter Include="Source Files">
      <UniqueIdentifier>{1a4993fa-8ccc-4481-9ca9-56c5abdb9a45}</UniqueIdentifier>
      <Extensions>cpp;c;cxx;rc;def;r;odl;idl;hpj;bat</Extensions>
    </Filter>
    <Filter Include="Header Files">
      <UniqueIdentifier>{38d0a40e-ffd1-49d4-b0f4-903ac13e2288}</UniqueIdentifier>
      <Extensions>h;hpp;hxx;hm;inl</Extensions>
    </Filter>
    <Filter Include="Resource Files">
      <UniqueIdentifier>{1d3059db-e399-4b5b-86c0-be2eb1756409}</UniqueIdentifier>
      <Extensions>ico;cur;bmp;dlg;rc2;rct;bin;rgs;gif;jpg;jpeg;jpe</Extensions>
    </Filter>
  </ItemGroup>
  <ItemGroup>
    <ClCompile Include="CObject.cpp">
      <Filter>Source Files</Filter>
    </ClCompile>
    <ClCompile Include="CView.cpp">
      <Filter>Source Files</Filter>
    </ClCompile>
    <ClCompile Include="CWinApp.cpp">
      <Filter>Source Files</Filter>
    </ClCompile>
    <ClCompile Include="CWnd.cpp">
      <Filter>Source Files</Filter>
    </ClCompile>
    <ClCompile Include="stdafx.cpp">
      <Filter>Source Files</Filter>
    </ClCompile>
  </ItemGroup>
  <ItemGroup>
    <ClInclude Include="CObject.h">
      <Filter>Header Files</Filter>
    </ClInclude>
    <ClInclude Include="CView.h">
      <Filter>Header Files</Filter>
    </ClInclude>
    <ClInclude Include="CWinApp.h">
      <Filter>Header Files</Filter>
    </ClInclude>
    <ClInclude Include="CWnd.h">
      <Filter>Header Files</Filter>
    </ClInclude>
    <ClInclude Include="stdafx.h">
      <Filter>Header Files</Filter>
    </ClInclude>
  </ItemGroup>
</Project>