<?xml version="1.0" encoding="utf-8"?>
<Project ToolsVersion="4.0" xmlns="http://schemas.microsoft.com/developer/msbuild/2003">
  <ItemGroup>
    <Filter Include="Source Files">
      <UniqueIdentifier>{4FC737F1-C7A5-4376-A066-2A32D752A2FF}</UniqueIdentifier>
      <Extensions>cpp;c;cc;cxx;def;odl;idl;hpj;bat;asm;asmx</Extensions>
    </Filter>
    <Filter Include="Header Files">
      <UniqueIdentifier>{93995380-89BD-4b04-88EB-625FBE52EBFB}</UniqueIdentifier>
      <Extensions>h;hh;hpp;hxx;hm;inl;inc;xsd</Extensions>
    </Filter>
    <Filter Include="Resource Files">
      <UniqueIdentifier>{67DA6AB6-F800-4c08-8B7A-83BB121AAD01}</UniqueIdentifier>
      <Extensions>rc;ico;cur;bmp;dlg;rc2;rct;bin;rgs;gif;jpg;jpeg;jpe;resx;tiff;tif;png;wav;mfcribbon-ms</Extensions>
    </Filter>
    <Filter Include="Reference Files">
      <UniqueIdentifier>{9cd91d41-7408-428b-b13e-2a564390a64f}</UniqueIdentifier>
    </Filter>
  </ItemGroup>
  <ItemGroup>
    <ClInclude Include="targetver.h">
      <Filter>Header Files</Filter>
    </ClInclude>
  </ItemGroup>
  <ItemGroup>
    <ClCompile Include="VisualStudio2017Console.cpp">
      <Filter>Source Files</Filter>
    </ClCompile>
    <ClCompile Include="VisualStudio2017Console_structured bindings.cpp">
      <Filter>Reference Files</Filter>
    </ClCompile>
    <ClCompile Include="VisualStudio2017Console_constexpr.cpp">
      <Filter>Reference Files</Filter>
    </ClCompile>
    <ClCompile Include="VisualStudio2017Console_initializer-condition if_switch.cpp">
      <Filter>Reference Files</Filter>
    </ClCompile>
    <ClCompile Include="VisualStudio2017Console_generalized range-for.cpp">
      <Filter>Reference Files</Filter>
    </ClCompile>
    <ClCompile Include="VisualStudio2017Console_fold expression.cpp">
      <Filter>Reference Files</Filter>
    </ClCompile>
    <ClCompile Include="ConsoleApplicationVs2017_vector for algorithm.cpp">
      <Filter>Reference Files</Filter>
    </ClCompile>
    <ClCompile Include="ConsoleApplicationVs2017_vector copy problem.cpp">
      <Filter>Reference Files</Filter>
    </ClCompile>
    <ClCompile Include="VisualStudio2017Console attribute.cpp">
      <Filter>Reference Files</Filter>
    </ClCompile>
    <ClCompile Include="VisualStudio2017Console multiple return value step01.cpp">
      <Filter>Reference Files</Filter>
    </ClCompile>
    <ClCompile Include="VisualStudio2017Console multiple return value step02.cpp">
      <Filter>Reference Files</Filter>
    </ClCompile>
    <ClCompile Include="VisualStudio2017Console SFINAE step01.cpp">
      <Filter>Reference Files</Filter>
    </ClCompile>
    <ClCompile Include="VisualStudio2017Console SFINAE step02.cpp">
      <Filter>Reference Files</Filter>
    </ClCompile>
    <ClCompile Include="VisualStudio2017Console structure01.cpp">
      <Filter>Reference Files</Filter>
    </ClCompile>
    <ClCompile Include="VisualStudio2017Console structure02.cpp">
      <Filter>Reference Files</Filter>
    </ClCompile>
    <ClCompile Include="VisualStudio2017Console structure03.cpp">
      <Filter>Reference Files</Filter>
    </ClCompile>
    <ClCompile Include="VisualStudio2017Console switch.cpp">
      <Filter>Reference Files</Filter>
    </ClCompile>
    <ClCompile Include="1_05_CRTP_ObjectCounter.cpp">
      <Filter>Reference Files</Filter>
    </ClCompile>
    <ClCompile Include="1_05_CRTP_StaticPolymorphism.cpp">
      <Filter>Reference Files</Filter>
    </ClCompile>
    <ClCompile Include="1_05_CRTP01.cpp">
      <Filter>Reference Files</Filter>
    </ClCompile>
    <ClCompile Include="4_01_for_statement.cpp">
      <Filter>Reference Files</Filter>
    </ClCompile>
    <ClCompile Include="4_02_FOREACH_prepare.cpp">
      <Filter>Reference Files</Filter>
    </ClCompile>
    <ClCompile Include="4_03_FOREACH_prepare2.cpp">
      <Filter>Reference Files</Filter>
    </ClCompile>
    <ClCompile Include="4_04_FOREACH.cpp">
      <Filter>Reference Files</Filter>
    </ClCompile>
    <ClCompile Include="ConsoleApplicationVs2017_equality equivalence.cpp">
      <Filter>Reference Files</Filter>
    </ClCompile>
    <ClCompile Include="ConsoleApplicationVs2017_vector binary search and time complexity.cpp">
      <Filter>Reference Files</Filter>
    </ClCompile>
    <ClCompile Include="VisualStudio2017Console 2d array.cpp">
      <Filter>Reference Files</Filter>
    </ClCompile>
    <ClCompile Include="VisualStudio2017Console 2d basic movement.cpp">
      <Filter>Reference Files</Filter>
    </ClCompile>
    <ClCompile Include="VisualStudio2017Console 2d char array - draw board.cpp">
      <Filter>Reference Files</Filter>
    </ClCompile>
    <ClCompile Include="VisualStudio2017Console 2d char array.cpp">
      <Filter>Reference Files</Filter>
    </ClCompile>
    <ClCompile Include="VisualStudio2017Console alloc free pointer to pointer.cpp">
      <Filter>Reference Files</Filter>
    </ClCompile>
    <ClCompile Include="VisualStudio2017Console alloc free.cpp">
      <Filter>Reference Files</Filter>
    </ClCompile>
    <ClCompile Include="VisualStudio2017Console class01.cpp">
      <Filter>Reference Files</Filter>
    </ClCompile>
    <ClCompile Include="VisualStudio2017Console class02.cpp">
      <Filter>Reference Files</Filter>
    </ClCompile>
    <ClCompile Include="VisualStudio2017Console class03.cpp">
      <Filter>Reference Files</Filter>
    </ClCompile>
    <ClCompile Include="VisualStudio2017Console Day10 conversion operator.cpp">
      <Filter>Reference Files</Filter>
    </ClCompile>
    <ClCompile Include="VisualStudio2017Console key input.cpp">
      <Filter>Reference Files</Filter>
    </ClCompile>
    <ClCompile Include="VisualStudio2017Console mystrcpy.cpp">
      <Filter>Reference Files</Filter>
    </ClCompile>
    <ClCompile Include="VisualStudio2017Console new delete.cpp">
      <Filter>Reference Files</Filter>
    </ClCompile>
    <ClCompile Include="VisualStudio2017Console pointer01 basic.cpp">
      <Filter>Reference Files</Filter>
    </ClCompile>
    <ClCompile Include="VisualStudio2017Console pointer02 malloc pointer of pointer.cpp">
      <Filter>Reference Files</Filter>
    </ClCompile>
    <ClCompile Include="VisualStudio2017Console pointer03 pointer array.cpp">
      <Filter>Reference Files</Filter>
    </ClCompile>
    <ClCompile Include="VisualStudio2017Console pointer04 structure relative address.cpp">
      <Filter>Reference Files</Filter>
    </ClCompile>
    <ClCompile Include="VisualStudio2017Console pointer05 this pointer.cpp">
      <Filter>Reference Files</Filter>
    </ClCompile>
    <ClCompile Include="VisualStudio2017Console pointer06 pointer to member.cpp">
      <Filter>Reference Files</Filter>
    </ClCompile>
    <ClCompile Include="VisualStudio2017Console pointer07 function pointer.cpp">
      <Filter>Reference Files</Filter>
    </ClCompile>
    <ClCompile Include="VisualStudio2017Console pointer08 pointer to integer block.cpp">
      <Filter>Reference Files</Filter>
    </ClCompile>
    <ClCompile Include="VisualStudio2017Console pointer09 pointer to member function.cpp">
      <Filter>Reference Files</Filter>
    </ClCompile>
    <ClCompile Include="VisualStudio2017Console pointer10 pointer to vtable.cpp">
      <Filter>Reference Files</Filter>
    </ClCompile>
    <ClCompile Include="VisualStudio2017Console pointer11 smart pointer.cpp">
      <Filter>Reference Files</Filter>
    </ClCompile>
    <ClCompile Include="VisualStudio2017Console 2d boardgame01.cpp">
      <Filter>Reference Files</Filter>
    </ClCompile>
    <ClCompile Include="VisualStudio2017Console 2d boardgame02 keyinput.cpp">
      <Filter>Reference Files</Filter>
    </ClCompile>
    <ClCompile Include="VisualStudio2017Console 2d boardgame03 console color.cpp">
      <Filter>Reference Files</Filter>
    </ClCompile>
    <ClCompile Include="VisualStudio2017Console 2d boardgame04 hit N.cpp">
      <Filter>Reference Files</Filter>
    </ClCompile>
    <ClCompile Include="VisualStudio2017Console 2d boardgame05 second layer.cpp">
      <Filter>Reference Files</Filter>
    </ClCompile>
    <ClCompile Include="VisualStudio2017Console 2d boardgame06 push box01.cpp">
      <Filter>Reference Files</Filter>
    </ClCompile>
    <ClCompile Include="VisualStudio2017Console 2d boardgame07 push box02 buf fix.cpp">
      <Filter>Reference Files</Filter>
    </ClCompile>
    <ClCompile Include="VisualStudio2017Console 2d boardgame08 sokoban01.cpp">
      <Filter>Reference Files</Filter>
    </ClCompile>
    <ClCompile Include="VisualStudio2017Console 2d boardgame09 structure.cpp">
      <Filter>Reference Files</Filter>
    </ClCompile>
    <ClCompile Include="VisualStudio2017Console 2d boardgame10 SetPos.cpp">
      <Filter>Reference Files</Filter>
    </ClCompile>
  </ItemGroup>
</Project>